// !$*UTF8*$!
{
	archiveVersion = 1;
	classes = {
	};
	objectVersion = 56;
	objects = {

/* Begin PBXBuildFile section */
		8407F3FB2AF7BA2B00760671 /* CircleButtonView.swift in Sources */ = {isa = PBXBuildFile; fileRef = 8407F3FA2AF7BA2B00760671 /* CircleButtonView.swift */; };
		841911422AF42999005936E5 /* HomeView.swift in Sources */ = {isa = PBXBuildFile; fileRef = 841911412AF42999005936E5 /* HomeView.swift */; };
		845FB9D02B70D1AD00794888 /* CoinModel.swift in Sources */ = {isa = PBXBuildFile; fileRef = 845FB9CF2B70D1AD00794888 /* CoinModel.swift */; };
		8460F5792B6B8ABD000690A5 /* CircleButtonAnimationView.swift in Sources */ = {isa = PBXBuildFile; fileRef = 8460F5782B6B8ABD000690A5 /* CircleButtonAnimationView.swift */; };
		84992A9E2B72CDE600B221C0 /* PreviewProvider.swift in Sources */ = {isa = PBXBuildFile; fileRef = 84992A9D2B72CDE600B221C0 /* PreviewProvider.swift */; };
		84992AA02B72CE4000B221C0 /* CoinRowView.swift in Sources */ = {isa = PBXBuildFile; fileRef = 84992A9F2B72CE4000B221C0 /* CoinRowView.swift */; };
		84992AA22B72CED600B221C0 /* Double.swift in Sources */ = {isa = PBXBuildFile; fileRef = 84992AA12B72CED600B221C0 /* Double.swift */; };
		84BD7B3C2AF2414600C4B1AC /* HibexApp.swift in Sources */ = {isa = PBXBuildFile; fileRef = 84BD7B3B2AF2414600C4B1AC /* HibexApp.swift */; };
		84BD7B3E2AF2414600C4B1AC /* ContentView.swift in Sources */ = {isa = PBXBuildFile; fileRef = 84BD7B3D2AF2414600C4B1AC /* ContentView.swift */; };
		84BD7B432AF2414700C4B1AC /* Preview Assets.xcassets in Resources */ = {isa = PBXBuildFile; fileRef = 84BD7B422AF2414700C4B1AC /* Preview Assets.xcassets */; };
		84BD7B4A2AF2429400C4B1AC /* Assets.xcassets in Resources */ = {isa = PBXBuildFile; fileRef = 84BD7B492AF2429400C4B1AC /* Assets.xcassets */; };
		84BD7B4D2AF2448700C4B1AC /* Color.swift in Sources */ = {isa = PBXBuildFile; fileRef = 84BD7B4C2AF2448700C4B1AC /* Color.swift */; };
/* End PBXBuildFile section */

/* Begin PBXFileReference section */
		8407F3FA2AF7BA2B00760671 /* CircleButtonView.swift */ = {isa = PBXFileReference; lastKnownFileType = sourcecode.swift; path = CircleButtonView.swift; sourceTree = "<group>"; };
		841911412AF42999005936E5 /* HomeView.swift */ = {isa = PBXFileReference; lastKnownFileType = sourcecode.swift; path = HomeView.swift; sourceTree = "<group>"; };
		845FB9CF2B70D1AD00794888 /* CoinModel.swift */ = {isa = PBXFileReference; lastKnownFileType = sourcecode.swift; path = CoinModel.swift; sourceTree = "<group>"; };
		8460F5782B6B8ABD000690A5 /* CircleButtonAnimationView.swift */ = {isa = PBXFileReference; lastKnownFileType = sourcecode.swift; path = CircleButtonAnimationView.swift; sourceTree = "<group>"; };
		84992A9D2B72CDE600B221C0 /* PreviewProvider.swift */ = {isa = PBXFileReference; lastKnownFileType = sourcecode.swift; path = PreviewProvider.swift; sourceTree = "<group>"; };
		84992A9F2B72CE4000B221C0 /* CoinRowView.swift */ = {isa = PBXFileReference; lastKnownFileType = sourcecode.swift; path = CoinRowView.swift; sourceTree = "<group>"; };
		84992AA12B72CED600B221C0 /* Double.swift */ = {isa = PBXFileReference; lastKnownFileType = sourcecode.swift; path = Double.swift; sourceTree = "<group>"; };
		84BD7B382AF2414600C4B1AC /* Hibex.app */ = {isa = PBXFileReference; explicitFileType = wrapper.application; includeInIndex = 0; path = Hibex.app; sourceTree = BUILT_PRODUCTS_DIR; };
		84BD7B3B2AF2414600C4B1AC /* HibexApp.swift */ = {isa = PBXFileReference; lastKnownFileType = sourcecode.swift; path = HibexApp.swift; sourceTree = "<group>"; };
		84BD7B3D2AF2414600C4B1AC /* ContentView.swift */ = {isa = PBXFileReference; lastKnownFileType = sourcecode.swift; path = ContentView.swift; sourceTree = "<group>"; };
		84BD7B422AF2414700C4B1AC /* Preview Assets.xcassets */ = {isa = PBXFileReference; lastKnownFileType = folder.assetcatalog; path = "Preview Assets.xcassets"; sourceTree = "<group>"; };
		84BD7B492AF2429400C4B1AC /* Assets.xcassets */ = {isa = PBXFileReference; lastKnownFileType = folder.assetcatalog; name = Assets.xcassets; path = ../../../Downloads/Resources/Assets.xcassets; sourceTree = "<group>"; };
		84BD7B4C2AF2448700C4B1AC /* Color.swift */ = {isa = PBXFileReference; lastKnownFileType = sourcecode.swift; path = Color.swift; sourceTree = "<group>"; };
/* End PBXFileReference section */

/* Begin PBXFrameworksBuildPhase section */
		84BD7B352AF2414600C4B1AC /* Frameworks */ = {
			isa = PBXFrameworksBuildPhase;
			buildActionMask = 2147483647;
			files = (
			);
			runOnlyForDeploymentPostprocessing = 0;
		};
/* End PBXFrameworksBuildPhase section */

/* Begin PBXGroup section */
		8407F3F82AF7B9D400760671 /* Components */ = {
			isa = PBXGroup;
			children = (
				8407F3F92AF7B9F100760671 /* CircleButton */,
			);
			path = Components;
			sourceTree = "<group>";
		};
		8407F3F92AF7B9F100760671 /* CircleButton */ = {
			isa = PBXGroup;
			children = (
				8407F3FA2AF7BA2B00760671 /* CircleButtonView.swift */,
				8460F5782B6B8ABD000690A5 /* CircleButtonAnimationView.swift */,
			);
			path = CircleButton;
			sourceTree = "<group>";
		};
		8441D0132AF253A300CA972F /* Core */ = {
			isa = PBXGroup;
			children = (
				8407F3F82AF7B9D400760671 /* Components */,
				8441D0142AF253BA00CA972F /* Home */,
			);
			path = Core;
			sourceTree = "<group>";
		};
		8441D0142AF253BA00CA972F /* Home */ = {
			isa = PBXGroup;
			children = (
				8441D0162AF253E500CA972F /* View */,
				8441D0152AF253C600CA972F /* ViewModels */,
			);
			path = Home;
			sourceTree = "<group>";
		};
		8441D0152AF253C600CA972F /* ViewModels */ = {
			isa = PBXGroup;
			children = (
			);
			path = ViewModels;
			sourceTree = "<group>";
		};
		8441D0162AF253E500CA972F /* View */ = {
			isa = PBXGroup;
			children = (
				841911412AF42999005936E5 /* HomeView.swift */,
				84992A9F2B72CE4000B221C0 /* CoinRowView.swift */,
			);
			path = View;
			sourceTree = "<group>";
		};
		845FB9CD2B70D17B00794888 /* Models */ = {
			isa = PBXGroup;
			children = (
				845FB9CF2B70D1AD00794888 /* CoinModel.swift */,
			);
			path = Models;
			sourceTree = "<group>";
		};
		84BD7B2F2AF2414600C4B1AC = {
			isa = PBXGroup;
			children = (
				84BD7B3A2AF2414600C4B1AC /* Hibex */,
				84BD7B392AF2414600C4B1AC /* Products */,
			);
			sourceTree = "<group>";
		};
		84BD7B392AF2414600C4B1AC /* Products */ = {
			isa = PBXGroup;
			children = (
				84BD7B382AF2414600C4B1AC /* Hibex.app */,
			);
			name = Products;
			sourceTree = "<group>";
		};
		84BD7B3A2AF2414600C4B1AC /* Hibex */ = {
			isa = PBXGroup;
			children = (
				845FB9CD2B70D17B00794888 /* Models */,
				84BD7B4B2AF2446A00C4B1AC /* Extensions */,
				8441D0132AF253A300CA972F /* Core */,
				84BD7B492AF2429400C4B1AC /* Assets.xcassets */,
				84BD7B3B2AF2414600C4B1AC /* HibexApp.swift */,
				84BD7B3D2AF2414600C4B1AC /* ContentView.swift */,
				84BD7B412AF2414700C4B1AC /* Preview Content */,
			);
			path = Hibex;
			sourceTree = "<group>";
		};
		84BD7B412AF2414700C4B1AC /* Preview Content */ = {
			isa = PBXGroup;
			children = (
				84BD7B422AF2414700C4B1AC /* Preview Assets.xcassets */,
			);
			path = "Preview Content";
			sourceTree = "<group>";
		};
		84BD7B4B2AF2446A00C4B1AC /* Extensions */ = {
			isa = PBXGroup;
			children = (
				84BD7B4C2AF2448700C4B1AC /* Color.swift */,
				84992A9D2B72CDE600B221C0 /* PreviewProvider.swift */,
				84992AA12B72CED600B221C0 /* Double.swift */,
			);
			path = Extensions;
			sourceTree = "<group>";
		};
/* End PBXGroup section */

/* Begin PBXNativeTarget section */
		84BD7B372AF2414600C4B1AC /* Hibex */ = {
			isa = PBXNativeTarget;
			buildConfigurationList = 84BD7B462AF2414700C4B1AC /* Build configuration list for PBXNativeTarget "Hibex" */;
			buildPhases = (
				84BD7B342AF2414600C4B1AC /* Sources */,
				84BD7B352AF2414600C4B1AC /* Frameworks */,
				84BD7B362AF2414600C4B1AC /* Resources */,
			);
			buildRules = (
			);
			dependencies = (
			);
			name = Hibex;
			productName = Hibex;
			productReference = 84BD7B382AF2414600C4B1AC /* Hibex.app */;
			productType = "com.apple.product-type.application";
		};
/* End PBXNativeTarget section */

/* Begin PBXProject section */
		84BD7B302AF2414600C4B1AC /* Project object */ = {
			isa = PBXProject;
			attributes = {
				BuildIndependentTargetsInParallel = 1;
				LastSwiftUpdateCheck = 1500;
				LastUpgradeCheck = 1500;
				TargetAttributes = {
					84BD7B372AF2414600C4B1AC = {
						CreatedOnToolsVersion = 15.0;
					};
				};
			};
			buildConfigurationList = 84BD7B332AF2414600C4B1AC /* Build configuration list for PBXProject "Hibex" */;
			compatibilityVersion = "Xcode 14.0";
			developmentRegion = en;
			hasScannedForEncodings = 0;
			knownRegions = (
				en,
				Base,
			);
			mainGroup = 84BD7B2F2AF2414600C4B1AC;
			productRefGroup = 84BD7B392AF2414600C4B1AC /* Products */;
			projectDirPath = "";
			projectRoot = "";
			targets = (
				84BD7B372AF2414600C4B1AC /* Hibex */,
			);
		};
/* End PBXProject section */

/* Begin PBXResourcesBuildPhase section */
		84BD7B362AF2414600C4B1AC /* Resources */ = {
			isa = PBXResourcesBuildPhase;
			buildActionMask = 2147483647;
			files = (
				84BD7B432AF2414700C4B1AC /* Preview Assets.xcassets in Resources */,
				84BD7B4A2AF2429400C4B1AC /* Assets.xcassets in Resources */,
			);
			runOnlyForDeploymentPostprocessing = 0;
		};
/* End PBXResourcesBuildPhase section */

/* Begin PBXSourcesBuildPhase section */
		84BD7B342AF2414600C4B1AC /* Sources */ = {
			isa = PBXSourcesBuildPhase;
			buildActionMask = 2147483647;
			files = (
				84992AA02B72CE4000B221C0 /* CoinRowView.swift in Sources */,
				84BD7B3E2AF2414600C4B1AC /* ContentView.swift in Sources */,
				841911422AF42999005936E5 /* HomeView.swift in Sources */,
				84BD7B3C2AF2414600C4B1AC /* HibexApp.swift in Sources */,
				8407F3FB2AF7BA2B00760671 /* CircleButtonView.swift in Sources */,
				84BD7B4D2AF2448700C4B1AC /* Color.swift in Sources */,
				84992A9E2B72CDE600B221C0 /* PreviewProvider.swift in Sources */,
				8460F5792B6B8ABD000690A5 /* CircleButtonAnimationView.swift in Sources */,
				84992AA22B72CED600B221C0 /* Double.swift in Sources */,
				845FB9D02B70D1AD00794888 /* CoinModel.swift in Sources */,
			);
			runOnlyForDeploymentPostprocessing = 0;
		};
/* End PBXSourcesBuildPhase section */

/* Begin XCBuildConfiguration section */
		84BD7B442AF2414700C4B1AC /* Debug */ = {
			isa = XCBuildConfiguration;
			buildSettings = {
				ALWAYS_SEARCH_USER_PATHS = NO;
				ASSETCATALOG_COMPILER_GENERATE_SWIFT_ASSET_SYMBOL_EXTENSIONS = YES;
				CLANG_ANALYZER_NONNULL = YES;
				CLANG_ANALYZER_NUMBER_OBJECT_CONVERSION = YES_AGGRESSIVE;
				CLANG_CXX_LANGUAGE_STANDARD = "gnu++20";
				CLANG_ENABLE_MODULES = YES;
				CLANG_ENABLE_OBJC_ARC = YES;
				CLANG_ENABLE_OBJC_WEAK = YES;
				CLANG_WARN_BLOCK_CAPTURE_AUTORELEASING = YES;
				CLANG_WARN_BOOL_CONVERSION = YES;
				CLANG_WARN_COMMA = YES;
				CLANG_WARN_CONSTANT_CONVERSION = YES;
				CLANG_WARN_DEPRECATED_OBJC_IMPLEMENTATIONS = YES;
				CLANG_WARN_DIRECT_OBJC_ISA_USAGE = YES_ERROR;
				CLANG_WARN_DOCUMENTATION_COMMENTS = YES;
				CLANG_WARN_EMPTY_BODY = YES;
				CLANG_WARN_ENUM_CONVERSION = YES;
				CLANG_WARN_INFINITE_RECURSION = YES;
				CLANG_WARN_INT_CONVERSION = YES;
				CLANG_WARN_NON_LITERAL_NULL_CONVERSION = YES;
				CLANG_WARN_OBJC_IMPLICIT_RETAIN_SELF = YES;
				CLANG_WARN_OBJC_LITERAL_CONVERSION = YES;
				CLANG_WARN_OBJC_ROOT_CLASS = YES_ERROR;
				CLANG_WARN_QUOTED_INCLUDE_IN_FRAMEWORK_HEADER = YES;
				CLANG_WARN_RANGE_LOOP_ANALYSIS = YES;
				CLANG_WARN_STRICT_PROTOTYPES = YES;
				CLANG_WARN_SUSPICIOUS_MOVE = YES;
				CLANG_WARN_UNGUARDED_AVAILABILITY = YES_AGGRESSIVE;
				CLANG_WARN_UNREACHABLE_CODE = YES;
				CLANG_WARN__DUPLICATE_METHOD_MATCH = YES;
				COPY_PHASE_STRIP = NO;
				DEBUG_INFORMATION_FORMAT = dwarf;
				ENABLE_STRICT_OBJC_MSGSEND = YES;
				ENABLE_TESTABILITY = YES;
				ENABLE_USER_SCRIPT_SANDBOXING = YES;
				GCC_C_LANGUAGE_STANDARD = gnu17;
				GCC_DYNAMIC_NO_PIC = NO;
				GCC_NO_COMMON_BLOCKS = YES;
				GCC_OPTIMIZATION_LEVEL = 0;
				GCC_PREPROCESSOR_DEFINITIONS = (
					"DEBUG=1",
					"$(inherited)",
				);
				GCC_WARN_64_TO_32_BIT_CONVERSION = YES;
				GCC_WARN_ABOUT_RETURN_TYPE = YES_ERROR;
				GCC_WARN_UNDECLARED_SELECTOR = YES;
				GCC_WARN_UNINITIALIZED_AUTOS = YES_AGGRESSIVE;
				GCC_WARN_UNUSED_FUNCTION = YES;
				GCC_WARN_UNUSED_VARIABLE = YES;
				IPHONEOS_DEPLOYMENT_TARGET = 17.0;
				LOCALIZATION_PREFERS_STRING_CATALOGS = YES;
				MTL_ENABLE_DEBUG_INFO = INCLUDE_SOURCE;
				MTL_FAST_MATH = YES;
				ONLY_ACTIVE_ARCH = YES;
				SDKROOT = iphoneos;
				SWIFT_ACTIVE_COMPILATION_CONDITIONS = "DEBUG $(inherited)";
				SWIFT_OPTIMIZATION_LEVEL = "-Onone";
			};
			name = Debug;
		};
		84BD7B452AF2414700C4B1AC /* Release */ = {
			isa = XCBuildConfiguration;
			buildSettings = {
				ALWAYS_SEARCH_USER_PATHS = NO;
				ASSETCATALOG_COMPILER_GENERATE_SWIFT_ASSET_SYMBOL_EXTENSIONS = YES;
				CLANG_ANALYZER_NONNULL = YES;
				CLANG_ANALYZER_NUMBER_OBJECT_CONVERSION = YES_AGGRESSIVE;
				CLANG_CXX_LANGUAGE_STANDARD = "gnu++20";
				CLANG_ENABLE_MODULES = YES;
				CLANG_ENABLE_OBJC_ARC = YES;
				CLANG_ENABLE_OBJC_WEAK = YES;
				CLANG_WARN_BLOCK_CAPTURE_AUTORELEASING = YES;
				CLANG_WARN_BOOL_CONVERSION = YES;
				CLANG_WARN_COMMA = YES;
				CLANG_WARN_CONSTANT_CONVERSION = YES;
				CLANG_WARN_DEPRECATED_OBJC_IMPLEMENTATIONS = YES;
				CLANG_WARN_DIRECT_OBJC_ISA_USAGE = YES_ERROR;
				CLANG_WARN_DOCUMENTATION_COMMENTS = YES;
				CLANG_WARN_EMPTY_BODY = YES;
				CLANG_WARN_ENUM_CONVERSION = YES;
				CLANG_WARN_INFINITE_RECURSION = YES;
				CLANG_WARN_INT_CONVERSION = YES;
				CLANG_WARN_NON_LITERAL_NULL_CONVERSION = YES;
				CLANG_WARN_OBJC_IMPLICIT_RETAIN_SELF = YES;
				CLANG_WARN_OBJC_LITERAL_CONVERSION = YES;
				CLANG_WARN_OBJC_ROOT_CLASS = YES_ERROR;
				CLANG_WARN_QUOTED_INCLUDE_IN_FRAMEWORK_HEADER = YES;
				CLANG_WARN_RANGE_LOOP_ANALYSIS = YES;
				CLANG_WARN_STRICT_PROTOTYPES = YES;
				CLANG_WARN_SUSPICIOUS_MOVE = YES;
				CLANG_WARN_UNGUARDED_AVAILABILITY = YES_AGGRESSIVE;
				CLANG_WARN_UNREACHABLE_CODE = YES;
				CLANG_WARN__DUPLICATE_METHOD_MATCH = YES;
				COPY_PHASE_STRIP = NO;
				DEBUG_INFORMATION_FORMAT = "dwarf-with-dsym";
				ENABLE_NS_ASSERTIONS = NO;
				ENABLE_STRICT_OBJC_MSGSEND = YES;
				ENABLE_USER_SCRIPT_SANDBOXING = YES;
				GCC_C_LANGUAGE_STANDARD = gnu17;
				GCC_NO_COMMON_BLOCKS = YES;
				GCC_WARN_64_TO_32_BIT_CONVERSION = YES;
				GCC_WARN_ABOUT_RETURN_TYPE = YES_ERROR;
				GCC_WARN_UNDECLARED_SELECTOR = YES;
				GCC_WARN_UNINITIALIZED_AUTOS = YES_AGGRESSIVE;
				GCC_WARN_UNUSED_FUNCTION = YES;
				GCC_WARN_UNUSED_VARIABLE = YES;
				IPHONEOS_DEPLOYMENT_TARGET = 17.0;
				LOCALIZATION_PREFERS_STRING_CATALOGS = YES;
				MTL_ENABLE_DEBUG_INFO = NO;
				MTL_FAST_MATH = YES;
				SDKROOT = iphoneos;
				SWIFT_COMPILATION_MODE = wholemodule;
				VALIDATE_PRODUCT = YES;
			};
			name = Release;
		};
		84BD7B472AF2414700C4B1AC /* Debug */ = {
			isa = XCBuildConfiguration;
			buildSettings = {
				ASSETCATALOG_COMPILER_APPICON_NAME = AppIcon;
				ASSETCATALOG_COMPILER_GLOBAL_ACCENT_COLOR_NAME = AccentColor;
				CODE_SIGN_STYLE = Automatic;
				CURRENT_PROJECT_VERSION = 1;
				DEVELOPMENT_ASSET_PATHS = "\"Hibex/Preview Content\"";
				ENABLE_PREVIEWS = YES;
				GENERATE_INFOPLIST_FILE = YES;
				INFOPLIST_KEY_CFBundleDisplayName = Hibex;
				INFOPLIST_KEY_UIApplicationSceneManifest_Generation = YES;
				INFOPLIST_KEY_UIApplicationSupportsIndirectInputEvents = YES;
				INFOPLIST_KEY_UILaunchScreen_Generation = YES;
				INFOPLIST_KEY_UISupportedInterfaceOrientations = UIInterfaceOrientationPortrait;
				LD_RUNPATH_SEARCH_PATHS = (
					"$(inherited)",
					"@executable_path/Frameworks",
				);
				MARKETING_VERSION = 1.0;
				PRODUCT_BUNDLE_IDENTIFIER = com.cangirhabil.Hibex;
				PRODUCT_NAME = "$(TARGET_NAME)";
				SUPPORTED_PLATFORMS = "iphoneos iphonesimulator";
				SUPPORTS_MACCATALYST = NO;
				SUPPORTS_MAC_DESIGNED_FOR_IPHONE_IPAD = NO;
				SWIFT_EMIT_LOC_STRINGS = YES;
				SWIFT_VERSION = 5.0;
				TARGETED_DEVICE_FAMILY = "1,2";
			};
			name = Debug;
		};
		84BD7B482AF2414700C4B1AC /* Release */ = {
			isa = XCBuildConfiguration;
			buildSettings = {
				ASSETCATALOG_COMPILER_APPICON_NAME = AppIcon;
				ASSETCATALOG_COMPILER_GLOBAL_ACCENT_COLOR_NAME = AccentColor;
				CODE_SIGN_STYLE = Automatic;
				CURRENT_PROJECT_VERSION = 1;
				DEVELOPMENT_ASSET_PATHS = "\"Hibex/Preview Content\"";
				ENABLE_PREVIEWS = YES;
				GENERATE_INFOPLIST_FILE = YES;
				INFOPLIST_KEY_CFBundleDisplayName = Hibex;
				INFOPLIST_KEY_UIApplicationSceneManifest_Generation = YES;
				INFOPLIST_KEY_UIApplicationSupportsIndirectInputEvents = YES;
				INFOPLIST_KEY_UILaunchScreen_Generation = YES;
				INFOPLIST_KEY_UISupportedInterfaceOrientations = UIInterfaceOrientationPortrait;
				LD_RUNPATH_SEARCH_PATHS = (
					"$(inherited)",
					"@executable_path/Frameworks",
				);
				MARKETING_VERSION = 1.0;
				PRODUCT_BUNDLE_IDENTIFIER = com.cangirhabil.Hibex;
				PRODUCT_NAME = "$(TARGET_NAME)";
				SUPPORTED_PLATFORMS = "iphoneos iphonesimulator";
				SUPPORTS_MACCATALYST = NO;
				SUPPORTS_MAC_DESIGNED_FOR_IPHONE_IPAD = NO;
				SWIFT_EMIT_LOC_STRINGS = YES;
				SWIFT_VERSION = 5.0;
				TARGETED_DEVICE_FAMILY = "1,2";
			};
			name = Release;
		};
/* End XCBuildConfiguration section */

/* Begin XCConfigurationList section */
		84BD7B332AF2414600C4B1AC /* Build configuration list for PBXProject "Hibex" */ = {
			isa = XCConfigurationList;
			buildConfigurations = (
				84BD7B442AF2414700C4B1AC /* Debug */,
				84BD7B452AF2414700C4B1AC /* Release */,
			);
			defaultConfigurationIsVisible = 0;
			defaultConfigurationName = Release;
		};
		84BD7B462AF2414700C4B1AC /* Build configuration list for PBXNativeTarget "Hibex" */ = {
			isa = XCConfigurationList;
			buildConfigurations = (
				84BD7B472AF2414700C4B1AC /* Debug */,
				84BD7B482AF2414700C4B1AC /* Release */,
			);
			defaultConfigurationIsVisible = 0;
			defaultConfigurationName = Release;
		};
/* End XCConfigurationList section */
	};
	rootObject = 84BD7B302AF2414600C4B1AC /* Project object */;
}
